// !$*UTF8*$!
{
	archiveVersion = 1;
	classes = {
	};
	objectVersion = 46;
	objects = {

/* Begin PBXBuildFile section */
		7BBC991819FEE227008194CB /* main.m in Sources */ = {isa = PBXBuildFile; fileRef = 7BBC991719FEE227008194CB /* main.m */; };
		7BBC991B19FEE227008194CB /* AppDelegate.m in Sources */ = {isa = PBXBuildFile; fileRef = 7BBC991A19FEE227008194CB /* AppDelegate.m */; };
		7BBC991E19FEE227008194CB /* ViewController.m in Sources */ = {isa = PBXBuildFile; fileRef = 7BBC991D19FEE227008194CB /* ViewController.m */; };
		7BBC992119FEE227008194CB /* Main.storyboard in Resources */ = {isa = PBXBuildFile; fileRef = 7BBC991F19FEE227008194CB /* Main.storyboard */; };
		7BBC992319FEE227008194CB /* Images.xcassets in Resources */ = {isa = PBXBuildFile; fileRef = 7BBC992219FEE227008194CB /* Images.xcassets */; };
		7BBC992619FEE227008194CB /* LaunchScreen.xib in Resources */ = {isa = PBXBuildFile; fileRef = 7BBC992419FEE227008194CB /* LaunchScreen.xib */; };
		7BBC993219FEE227008194CB /* DeprocrastinatorTests.m in Sources */ = {isa = PBXBuildFile; fileRef = 7BBC993119FEE227008194CB /* DeprocrastinatorTests.m */; };
/* End PBXBuildFile section */

/* Begin PBXContainerItemProxy section */
		7BBC992C19FEE227008194CB /* PBXContainerItemProxy */ = {
			isa = PBXContainerItemProxy;
			containerPortal = 7BBC990A19FEE227008194CB /* Project object */;
			proxyType = 1;
			remoteGlobalIDString = 7BBC991119FEE227008194CB;
			remoteInfo = Deprocrastinator;
		};
/* End PBXContainerItemProxy section */

/* Begin PBXFileReference section */
		7BBC991219FEE227008194CB /* Deprocrastinator.app */ = {isa = PBXFileReference; explicitFileType = wrapper.application; includeInIndex = 0; path = Deprocrastinator.app; sourceTree = BUILT_PRODUCTS_DIR; };
		7BBC991619FEE227008194CB /* Info.plist */ = {isa = PBXFileReference; lastKnownFileType = text.plist.xml; path = Info.plist; sourceTree = "<group>"; };
		7BBC991719FEE227008194CB /* main.m */ = {isa = PBXFileReference; lastKnownFileType = sourcecode.c.objc; path = main.m; sourceTree = "<group>"; };
		7BBC991919FEE227008194CB /* AppDelegate.h */ = {isa = PBXFileReference; lastKnownFileType = sourcecode.c.h; path = AppDelegate.h; sourceTree = "<group>"; };
		7BBC991A19FEE227008194CB /* AppDelegate.m */ = {isa = PBXFileReference; lastKnownFileType = sourcecode.c.objc; path = AppDelegate.m; sourceTree = "<group>"; };
		7BBC991C19FEE227008194CB /* ViewController.h */ = {isa = PBXFileReference; lastKnownFileType = sourcecode.c.h; path = ViewController.h; sourceTree = "<group>"; };
		7BBC991D19FEE227008194CB /* ViewController.m */ = {isa = PBXFileReference; lastKnownFileType = sourcecode.c.objc; path = ViewController.m; sourceTree = "<group>"; };
		7BBC992019FEE227008194CB /* Base */ = {isa = PBXFileReference; lastKnownFileType = file.storyboard; name = Base; path = Base.lproj/Main.storyboard; sourceTree = "<group>"; };
		7BBC992219FEE227008194CB /* Images.xcassets */ = {isa = PBXFileReference; lastKnownFileType = folder.assetcatalog; path = Images.xcassets; sourceTree = "<group>"; };
		7BBC992519FEE227008194CB /* Base */ = {isa = PBXFileReference; lastKnownFileType = file.xib; name = Base; path = Base.lproj/LaunchScreen.xib; sourceTree = "<group>"; };
		7BBC992B19FEE227008194CB /* DeprocrastinatorTests.xctest */ = {isa = PBXFileReference; explicitFileType = wrapper.cfbundle; includeInIndex = 0; path = DeprocrastinatorTests.xctest; sourceTree = BUILT_PRODUCTS_DIR; };
		7BBC993019FEE227008194CB /* Info.plist */ = {isa = PBXFileReference; lastKnownFileType = text.plist.xml; path = Info.plist; sourceTree = "<group>"; };
		7BBC993119FEE227008194CB /* DeprocrastinatorTests.m */ = {isa = PBXFileReference; lastKnownFileType = sourcecode.c.objc; path = DeprocrastinatorTests.m; sourceTree = "<group>"; };
/* End PBXFileReference section */

/* Begin PBXFrameworksBuildPhase section */
		7BBC990F19FEE227008194CB /* Frameworks */ = {
			isa = PBXFrameworksBuildPhase;
			buildActionMask = 2147483647;
			files = (
			);
			runOnlyForDeploymentPostprocessing = 0;
		};
		7BBC992819FEE227008194CB /* Frameworks */ = {
			isa = PBXFrameworksBuildPhase;
			buildActionMask = 2147483647;
			files = (
			);
			runOnlyForDeploymentPostprocessing = 0;
		};
/* End PBXFrameworksBuildPhase section */

/* Begin PBXGroup section */
		7BBC990919FEE227008194CB = {
			isa = PBXGroup;
			children = (
				7BBC991419FEE227008194CB /* Deprocrastinator */,
				7BBC992E19FEE227008194CB /* DeprocrastinatorTests */,
				7BBC991319FEE227008194CB /* Products */,
			);
			sourceTree = "<group>";
		};
		7BBC991319FEE227008194CB /* Products */ = {
			isa = PBXGroup;
			children = (
				7BBC991219FEE227008194CB /* Deprocrastinator.app */,
				7BBC992B19FEE227008194CB /* DeprocrastinatorTests.xctest */,
			);
			name = Products;
			sourceTree = "<group>";
		};
		7BBC991419FEE227008194CB /* Deprocrastinator */ = {
			isa = PBXGroup;
			children = (
				7BBC991919FEE227008194CB /* AppDelegate.h */,
				7BBC991A19FEE227008194CB /* AppDelegate.m */,
				7BBC991C19FEE227008194CB /* ViewController.h */,
				7BBC991D19FEE227008194CB /* ViewController.m */,
				7BBC991F19FEE227008194CB /* Main.storyboard */,
				7BBC992219FEE227008194CB /* Images.xcassets */,
				7BBC992419FEE227008194CB /* LaunchScreen.xib */,
				7BBC991519FEE227008194CB /* Supporting Files */,
			);
			path = Deprocrastinator;
			sourceTree = "<group>";
		};
		7BBC991519FEE227008194CB /* Supporting Files */ = {
			isa = PBXGroup;
			children = (
				7BBC991619FEE227008194CB /* Info.plist */,
				7BBC991719FEE227008194CB /* main.m */,
			);
			name = "Supporting Files";
			sourceTree = "<group>";
		};
		7BBC992E19FEE227008194CB /* DeprocrastinatorTests */ = {
			isa = PBXGroup;
			children = (
				7BBC993119FEE227008194CB /* DeprocrastinatorTests.m */,
				7BBC992F19FEE227008194CB /* Supporting Files */,
			);
			path = DeprocrastinatorTests;
			sourceTree = "<group>";
		};
		7BBC992F19FEE227008194CB /* Supporting Files */ = {
			isa = PBXGroup;
			children = (
				7BBC993019FEE227008194CB /* Info.plist */,
			);
			name = "Supporting Files";
			sourceTree = "<group>";
		};
/* End PBXGroup section */

/* Begin PBXNativeTarget section */
		7BBC991119FEE227008194CB /* Deprocrastinator */ = {
			isa = PBXNativeTarget;
			buildConfigurationList = 7BBC993519FEE227008194CB /* Build configuration list for PBXNativeTarget "Deprocrastinator" */;
			buildPhases = (
				7BBC990E19FEE227008194CB /* Sources */,
				7BBC990F19FEE227008194CB /* Frameworks */,
				7BBC991019FEE227008194CB /* Resources */,
			);
			buildRules = (
			);
			dependencies = (
			);
			name = Deprocrastinator;
			productName = Deprocrastinator;
			productReference = 7BBC991219FEE227008194CB /* Deprocrastinator.app */;
			productType = "com.apple.product-type.application";
		};
		7BBC992A19FEE227008194CB /* DeprocrastinatorTests */ = {
			isa = PBXNativeTarget;
			buildConfigurationList = 7BBC993819FEE227008194CB /* Build configuration list for PBXNativeTarget "DeprocrastinatorTests" */;
			buildPhases = (
				7BBC992719FEE227008194CB /* Sources */,
				7BBC992819FEE227008194CB /* Frameworks */,
				7BBC992919FEE227008194CB /* Resources */,
			);
			buildRules = (
			);
			dependencies = (
				7BBC992D19FEE227008194CB /* PBXTargetDependency */,
			);
			name = DeprocrastinatorTests;
			productName = DeprocrastinatorTests;
			productReference = 7BBC992B19FEE227008194CB /* DeprocrastinatorTests.xctest */;
			productType = "com.apple.product-type.bundle.unit-test";
		};
/* End PBXNativeTarget section */

/* Begin PBXProject section */
		7BBC990A19FEE227008194CB /* Project object */ = {
			isa = PBXProject;
			attributes = {
				LastUpgradeCheck = 0610;
				ORGANIZATIONNAME = "Jonathan Chou";
				TargetAttributes = {
					7BBC991119FEE227008194CB = {
						CreatedOnToolsVersion = 6.1;
					};
					7BBC992A19FEE227008194CB = {
						CreatedOnToolsVersion = 6.1;
						TestTargetID = 7BBC991119FEE227008194CB;
					};
				};
			};
			buildConfigurationList = 7BBC990D19FEE227008194CB /* Build configuration list for PBXProject "Deprocrastinator" */;
			compatibilityVersion = "Xcode 3.2";
			developmentRegion = English;
			hasScannedForEncodings = 0;
			knownRegions = (
				en,
				Base,
			);
			mainGroup = 7BBC990919FEE227008194CB;
			productRefGroup = 7BBC991319FEE227008194CB /* Products */;
			projectDirPath = "";
			projectRoot = "";
			targets = (
				7BBC991119FEE227008194CB /* Deprocrastinator */,
				7BBC992A19FEE227008194CB /* DeprocrastinatorTests */,
			);
		};
/* End PBXProject section */

/* Begin PBXResourcesBuildPhase section */
		7BBC991019FEE227008194CB /* Resources */ = {
			isa = PBXResourcesBuildPhase;
			buildActionMask = 2147483647;
			files = (
				7BBC992119FEE227008194CB /* Main.storyboard in Resources */,
				7BBC992619FEE227008194CB /* LaunchScreen.xib in Resources */,
				7BBC992319FEE227008194CB /* Images.xcassets in Resources */,
			);
			runOnlyForDeploymentPostprocessing = 0;
		};
		7BBC992919FEE227008194CB /* Resources */ = {
			isa = PBXResourcesBuildPhase;
			buildActionMask = 2147483647;
			files = (
			);
			runOnlyForDeploymentPostprocessing = 0;
		};
/* End PBXResourcesBuildPhase section */

/* Begin PBXSourcesBuildPhase section */
		7BBC990E19FEE227008194CB /* Sources */ = {
			isa = PBXSourcesBuildPhase;
			buildActionMask = 2147483647;
			files = (
				7BBC991E19FEE227008194CB /* ViewController.m in Sources */,
				7BBC991B19FEE227008194CB /* AppDelegate.m in Sources */,
				7BBC991819FEE227008194CB /* main.m in Sources */,
			);
			runOnlyForDeploymentPostprocessing = 0;
		};
		7BBC992719FEE227008194CB /* Sources */ = {
			isa = PBXSourcesBuildPhase;
			buildActionMask = 2147483647;
			files = (
				7BBC993219FEE227008194CB /* DeprocrastinatorTests.m in Sources */,
			);
			runOnlyForDeploymentPostprocessing = 0;
		};
/* End PBXSourcesBuildPhase section */

/* Begin PBXTargetDependency section */
		7BBC992D19FEE227008194CB /* PBXTargetDependency */ = {
			isa = PBXTargetDependency;
			target = 7BBC991119FEE227008194CB /* Deprocrastinator */;
			targetProxy = 7BBC992C19FEE227008194CB /* PBXContainerItemProxy */;
		};
/* End PBXTargetDependency section */

/* Begin PBXVariantGroup section */
		7BBC991F19FEE227008194CB /* Main.storyboard */ = {
			isa = PBXVariantGroup;
			children = (
				7BBC992019FEE227008194CB /* Base */,
			);
			name = Main.storyboard;
			sourceTree = "<group>";
		};
		7BBC992419FEE227008194CB /* LaunchScreen.xib */ = {
			isa = PBXVariantGroup;
			children = (
				7BBC992519FEE227008194CB /* Base */,
			);
			name = LaunchScreen.xib;
			sourceTree = "<group>";
		};
/* End PBXVariantGroup section */

/* Begin XCBuildConfiguration section */
		7BBC993319FEE227008194CB /* Debug */ = {
			isa = XCBuildConfiguration;
			buildSettings = {
				ALWAYS_SEARCH_USER_PATHS = NO;
				CLANG_CXX_LANGUAGE_STANDARD = "gnu++0x";
				CLANG_CXX_LIBRARY = "libc++";
				CLANG_ENABLE_MODULES = YES;
				CLANG_ENABLE_OBJC_ARC = YES;
				CLANG_WARN_BOOL_CONVERSION = YES;
				CLANG_WARN_CONSTANT_CONVERSION = YES;
				CLANG_WARN_DIRECT_OBJC_ISA_USAGE = YES_ERROR;
				CLANG_WARN_EMPTY_BODY = YES;
				CLANG_WARN_ENUM_CONVERSION = YES;
				CLANG_WARN_INT_CONVERSION = YES;
				CLANG_WARN_OBJC_ROOT_CLASS = YES_ERROR;
				CLANG_WARN_UNREACHABLE_CODE = YES;
				CLANG_WARN__DUPLICATE_METHOD_MATCH = YES;
				"CODE_SIGN_IDENTITY[sdk=iphoneos*]" = "iPhone Developer";
				COPY_PHASE_STRIP = NO;
				ENABLE_STRICT_OBJC_MSGSEND = YES;
				GCC_C_LANGUAGE_STANDARD = gnu99;
				GCC_DYNAMIC_NO_PIC = NO;
				GCC_OPTIMIZATION_LEVEL = 0;
				GCC_PREPROCESSOR_DEFINITIONS = (
					"DEBUG=1",
					"$(inherited)",
				);
				GCC_SYMBOLS_PRIVATE_EXTERN = NO;
				GCC_WARN_64_TO_32_BIT_CONVERSION = YES;
				GCC_WARN_ABOUT_RETURN_TYPE = YES_ERROR;
				GCC_WARN_UNDECLARED_SELECTOR = YES;
				GCC_WARN_UNINITIALIZED_AUTOS = YES_AGGRESSIVE;
				GCC_WARN_UNUSED_FUNCTION = YES;
				GCC_WARN_UNUSED_VARIABLE = YES;
				IPHONEOS_DEPLOYMENT_TARGET = 8.1;
				MTL_ENABLE_DEBUG_INFO = YES;
				ONLY_ACTIVE_ARCH = YES;
				SDKROOT = iphoneos;
				TARGETED_DEVICE_FAMILY = "1,2";
			};
			name = Debug;
		};
		7BBC993419FEE227008194CB /* Release */ = {
			isa = XCBuildConfiguration;
			buildSettings = {
				ALWAYS_SEARCH_USER_PATHS = NO;
				CLANG_CXX_LANGUAGE_STANDARD = "gnu++0x";
				CLANG_CXX_LIBRARY = "libc++";
				CLANG_ENABLE_MODULES = YES;
				CLANG_ENABLE_OBJC_ARC = YES;
				CLANG_WARN_BOOL_CONVERSION = YES;
				CLANG_WARN_CONSTANT_CONVERSION = YES;
				CLANG_WARN_DIRECT_OBJC_ISA_USAGE = YES_ERROR;
				CLANG_WARN_EMPTY_BODY = YES;
				CLANG_WARN_ENUM_CONVERSION = YES;
				CLANG_WARN_INT_CONVERSION = YES;
				CLANG_WARN_OBJC_ROOT_CLASS = YES_ERROR;
				CLANG_WARN_UNREACHABLE_CODE = YES;
				CLANG_WARN__DUPLICATE_METHOD_MATCH = YES;
				"CODE_SIGN_IDENTITY[sdk=iphoneos*]" = "iPhone Developer";
				COPY_PHASE_STRIP = YES;
				ENABLE_NS_ASSERTIONS = NO;
				ENABLE_STRICT_OBJC_MSGSEND = YES;
				GCC_C_LANGUAGE_STANDARD = gnu99;
				GCC_WARN_64_TO_32_BIT_CONVERSION = YES;
				GCC_WARN_ABOUT_RETURN_TYPE = YES_ERROR;
				GCC_WARN_UNDECLARED_SELECTOR = YES;
				GCC_WARN_UNINITIALIZED_AUTOS = YES_AGGRESSIVE;
				GCC_WARN_UNUSED_FUNCTION = YES;
				GCC_WARN_UNUSED_VARIABLE = YES;
				IPHONEOS_DEPLOYMENT_TARGET = 8.1;
				MTL_ENABLE_DEBUG_INFO = NO;
				SDKROOT = iphoneos;
				TARGETED_DEVICE_FAMILY = "1,2";
				VALIDATE_PRODUCT = YES;
			};
			name = Release;
		};
		7BBC993619FEE227008194CB /* Debug */ = {
			isa = XCBuildConfiguration;
			buildSettings = {
				ASSETCATALOG_COMPILER_APPICON_NAME = AppIcon;
				INFOPLIST_FILE = Deprocrastinator/Info.plist;
				IPHONEOS_DEPLOYMENT_TARGET = 8.0;
				LD_RUNPATH_SEARCH_PATHS = "$(inherited) @executable_path/Frameworks";
				PRODUCT_NAME = "$(TARGET_NAME)";
				TARGETED_DEVICE_FAMILY = 1;
			};
			name = Debug;
		};
		7BBC993719FEE227008194CB /* Release */ = {
			isa = XCBuildConfiguration;
			buildSettings = {
				ASSETCATALOG_COMPILER_APPICON_NAME = AppIcon;
				INFOPLIST_FILE = Deprocrastinator/Info.plist;
				IPHONEOS_DEPLOYMENT_TARGET = 8.0;
				LD_RUNPATH_SEARCH_PATHS = "$(inherited) @executable_path/Frameworks";
				PRODUCT_NAME = "$(TARGET_NAME)";
				TARGETED_DEVICE_FAMILY = 1;
			};
			name = Release;
		};
		7BBC993919FEE227008194CB /* Debug */ = {
			isa = XCBuildConfiguration;
			buildSettings = {
				BUNDLE_LOADER = "$(TEST_HOST)";
				FRAMEWORK_SEARCH_PATHS = (
					"$(SDKROOT)/Developer/Library/Frameworks",
					"$(inherited)",
				);
				GCC_PREPROCESSOR_DEFINITIONS = (
					"DEBUG=1",
					"$(inherited)",
				);
				INFOPLIST_FILE = DeprocrastinatorTests/Info.plist;
				LD_RUNPATH_SEARCH_PATHS = "$(inherited) @executable_path/Frameworks @loader_path/Frameworks";
				PRODUCT_NAME = "$(TARGET_NAME)";
				TEST_HOST = "$(BUILT_PRODUCTS_DIR)/Deprocrastinator.app/Deprocrastinator";
			};
			name = Debug;
		};
		7BBC993A19FEE227008194CB /* Release */ = {
			isa = XCBuildConfiguration;
			buildSettings = {
				BUNDLE_LOADER = "$(TEST_HOST)";
				FRAMEWORK_SEARCH_PATHS = (
					"$(SDKROOT)/Developer/Library/Frameworks",
					"$(inherited)",
				);
				INFOPLIST_FILE = DeprocrastinatorTests/Info.plist;
				LD_RUNPATH_SEARCH_PATHS = "$(inherited) @executable_path/Frameworks @loader_path/Frameworks";
				PRODUCT_NAME = "$(TARGET_NAME)";
				TEST_HOST = "$(BUILT_PRODUCTS_DIR)/Deprocrastinator.app/Deprocrastinator";
			};
			name = Release;
		};
/* End XCBuildConfiguration section */

/* Begin XCConfigurationList section */
		7BBC990D19FEE227008194CB /* Build configuration list for PBXProject "Deprocrastinator" */ = {
			isa = XCConfigurationList;
			buildConfigurations = (
				7BBC993319FEE227008194CB /* Debug */,
				7BBC993419FEE227008194CB /* Release */,
			);
			defaultConfigurationIsVisible = 0;
			defaultConfigurationName = Release;
		};
		7BBC993519FEE227008194CB /* Build configuration list for PBXNativeTarget "Deprocrastinator" */ = {
			isa = XCConfigurationList;
			buildConfigurations = (
				7BBC993619FEE227008194CB /* Debug */,
				7BBC993719FEE227008194CB /* Release */,
			);
			defaultConfigurationIsVisible = 0;
			defaultConfigurationName = Release;
		};
		7BBC993819FEE227008194CB /* Build configuration list for PBXNativeTarget "DeprocrastinatorTests" */ = {
			isa = XCConfigurationList;
			buildConfigurations = (
				7BBC993919FEE227008194CB /* Debug */,
				7BBC993A19FEE227008194CB /* Release */,
			);
			defaultConfigurationIsVisible = 0;
			defaultConfigurationName = Release;
		};
/* End XCConfigurationList section */
	};
	rootObject = 7BBC990A19FEE227008194CB /* Project object */;
}
